
Microsoft Visual Studio Solution File, Format Version 12.00
# Visual Studio Version 17
VisualStudioVersion = 17.9.34723.18
MinimumVisualStudioVersion = 10.0.40219.1
Project("{FAE04EC0-301F-11D3-BF4B-00C04F79EFBC}") = "Bookingsystem-REST-API-Projekt-Avancerad.NET", "Bookingsystem-REST-API-Projekt-Avancerad.NET\Bookingsystem-REST-API-Projekt-Avancerad.NET.csproj", "{9FE661A1-3DAE-4450-AB3D-9D641F5B0BE5}"
EndProject
Project("{FAE04EC0-301F-11D3-BF4B-00C04F79EFBC}") = "Bookingsystem-Models", "Projekt-API-Models\Bookingsystem-Models.csproj", "{8F69E9D2-DD3A-4B69-B8B9-1E4ACE445519}"
EndProject
Global
	GlobalSection(SolutionConfigurationPlatforms) = preSolution
		Debug|Any CPU = Debug|Any CPU
		Release|Any CPU = Release|Any CPU
	EndGlobalSection
	GlobalSection(ProjectConfigurationPlatforms) = postSolution
		{9FE661A1-3DAE-4450-AB3D-9D641F5B0BE5}.Debug|Any CPU.ActiveCfg = Debug|Any CPU
		{9FE661A1-3DAE-4450-AB3D-9D641F5B0BE5}.Debug|Any CPU.Build.0 = Debug|Any CPU
		{9FE661A1-3DAE-4450-AB3D-9D641F5B0BE5}.Release|Any CPU.ActiveCfg = Release|Any CPU
		{9FE661A1-3DAE-4450-AB3D-9D641F5B0BE5}.Release|Any CPU.Build.0 = Release|Any CPU
		{8F69E9D2-DD3A-4B69-B8B9-1E4ACE445519}.Debug|Any CPU.ActiveCfg = Debug|Any CPU
		{8F69E9D2-DD3A-4B69-B8B9-1E4ACE445519}.Debug|Any CPU.Build.0 = Debug|Any CPU
		{8F69E9D2-DD3A-4B69-B8B9-1E4ACE445519}.Release|Any CPU.ActiveCfg = Release|Any CPU
		{8F69E9D2-DD3A-4B69-B8B9-1E4ACE445519}.Release|Any CPU.Build.0 = Release|Any CPU
	EndGlobalSection
	GlobalSection(SolutionProperties) = preSolution
		HideSolutionNode = FALSE
	EndGlobalSection
	GlobalSection(ExtensibilityGlobals) = postSolution
		SolutionGuid = {0BFB996E-C645-4B01-A805-0CD52CB13967}
	EndGlobalSection
EndGlobal
